
Microsoft Visual Studio Solution File, Format Version 12.00
# Visual Studio Version 17
VisualStudioVersion = 17.9.34622.214
MinimumVisualStudioVersion = 10.0.40219.1
Project("{FAE04EC0-301F-11D3-BF4B-00C04F79EFBC}") = "MvcCore", "MvcCore\MvcCore.csproj", "{2AB02C27-636D-4540-8E12-2F144C17F0A5}"
EndProject
Global
	GlobalSection(SolutionConfigurationPlatforms) = preSolution
		Debug|Any CPU = Debug|Any CPU
		Release|Any CPU = Release|Any CPU
	EndGlobalSection
	GlobalSection(ProjectConfigurationPlatforms) = postSolution
		{2AB02C27-636D-4540-8E12-2F144C17F0A5}.Debug|Any CPU.ActiveCfg = Debug|Any CPU
		{2AB02C27-636D-4540-8E12-2F144C17F0A5}.Debug|Any CPU.Build.0 = Debug|Any CPU
		{2AB02C27-636D-4540-8E12-2F144C17F0A5}.Release|Any CPU.ActiveCfg = Release|Any CPU
		{2AB02C27-636D-4540-8E12-2F144C17F0A5}.Release|Any CPU.Build.0 = Release|Any CPU
	EndGlobalSection
	GlobalSection(SolutionProperties) = preSolution
		HideSolutionNode = FALSE
	EndGlobalSection
	GlobalSection(ExtensibilityGlobals) = postSolution
		SolutionGuid = {18FE9942-D936-45AB-9A79-E3F74E8B02CE}
	EndGlobalSection
EndGlobal
